
Microsoft Visual Studio Solution File, Format Version 12.00
# Visual Studio Version 16
VisualStudioVersion = 16.0.30002.166
MinimumVisualStudioVersion = 10.0.40219.1
Project("{FAE04EC0-301F-11D3-BF4B-00C04F79EFBC}") = "WebApplicationGPV", "WebApplicationGPV\WebApplicationGPV.csproj", "{DC14886E-F7BF-4685-846E-1908908A982D}"
EndProject
Global
	GlobalSection(SolutionConfigurationPlatforms) = preSolution
		Debug|Any CPU = Debug|Any CPU
		Release|Any CPU = Release|Any CPU
	EndGlobalSection
	GlobalSection(ProjectConfigurationPlatforms) = postSolution
		{DC14886E-F7BF-4685-846E-1908908A982D}.Debug|Any CPU.ActiveCfg = Debug|Any CPU
		{DC14886E-F7BF-4685-846E-1908908A982D}.Debug|Any CPU.Build.0 = Debug|Any CPU
		{DC14886E-F7BF-4685-846E-1908908A982D}.Release|Any CPU.ActiveCfg = Release|Any CPU
		{DC14886E-F7BF-4685-846E-1908908A982D}.Release|Any CPU.Build.0 = Release|Any CPU
	EndGlobalSection
	GlobalSection(SolutionProperties) = preSolution
		HideSolutionNode = FALSE
	EndGlobalSection
	GlobalSection(ExtensibilityGlobals) = postSolution
		SolutionGuid = {150DE210-05CB-47FF-85D6-0C528147CC6C}
	EndGlobalSection
EndGlobal
